
Microsoft Visual Studio Solution File, Format Version 12.00
# Visual Studio 2013
VisualStudioVersion = 12.0.21005.1
MinimumVisualStudioVersion = 10.0.40219.1
Project("{FAE04EC0-301F-11D3-BF4B-00C04F79EFBC}") = "RacePlace", "RacePlace\RacePlace.csproj", "{F3CB20D5-FE81-43BF-AB5C-03F207DCD69D}"
EndProject
Project("{FAE04EC0-301F-11D3-BF4B-00C04F79EFBC}") = "RacePlace.Tests", "RacePlace.Tests\RacePlace.Tests.csproj", "{5831F248-470F-4767-95B6-567A1DEDF664}"
EndProject
Project("{CC5FD16D-436D-48AD-A40C-5A424C6E3E79}") = "RacePlace.Azure", "RacePlace.Azure\RacePlace.Azure.ccproj", "{0FE66B06-9706-4482-BC1F-0287A2890A20}"
EndProject
Global
	GlobalSection(TeamFoundationVersionControl) = preSolution
		SccNumberOfProjects = 4
		SccEnterpriseProvider = {4CA58AB2-18FA-4F8D-95D4-32DDF27D184C}
		SccTeamFoundationServer = https://netdevjamie.visualstudio.com//defaultcollection
		SccLocalPath0 = .
		SccProjectUniqueName1 = RacePlace.Tests\\RacePlace.Tests.csproj
		SccProjectName1 = RacePlace.Tests
		SccLocalPath1 = RacePlace.Tests
		SccProjectUniqueName2 = RacePlace\\RacePlace.csproj
		SccProjectName2 = RacePlace
		SccLocalPath2 = RacePlace
		SccProjectUniqueName3 = RacePlace.Azure\\RacePlace.Azure.ccproj
		SccProjectName3 = RacePlace.Azure
		SccLocalPath3 = RacePlace.Azure
	EndGlobalSection
	GlobalSection(SolutionConfigurationPlatforms) = preSolution
		Debug|Any CPU = Debug|Any CPU
		Release|Any CPU = Release|Any CPU
	EndGlobalSection
	GlobalSection(ProjectConfigurationPlatforms) = postSolution
		{F3CB20D5-FE81-43BF-AB5C-03F207DCD69D}.Debug|Any CPU.ActiveCfg = Debug|Any CPU
		{F3CB20D5-FE81-43BF-AB5C-03F207DCD69D}.Debug|Any CPU.Build.0 = Debug|Any CPU
		{F3CB20D5-FE81-43BF-AB5C-03F207DCD69D}.Release|Any CPU.ActiveCfg = Release|Any CPU
		{F3CB20D5-FE81-43BF-AB5C-03F207DCD69D}.Release|Any CPU.Build.0 = Release|Any CPU
		{5831F248-470F-4767-95B6-567A1DEDF664}.Debug|Any CPU.ActiveCfg = Debug|Any CPU
		{5831F248-470F-4767-95B6-567A1DEDF664}.Debug|Any CPU.Build.0 = Debug|Any CPU
		{5831F248-470F-4767-95B6-567A1DEDF664}.Release|Any CPU.ActiveCfg = Release|Any CPU
		{5831F248-470F-4767-95B6-567A1DEDF664}.Release|Any CPU.Build.0 = Release|Any CPU
		{0FE66B06-9706-4482-BC1F-0287A2890A20}.Debug|Any CPU.ActiveCfg = Debug|Any CPU
		{0FE66B06-9706-4482-BC1F-0287A2890A20}.Debug|Any CPU.Build.0 = Debug|Any CPU
		{0FE66B06-9706-4482-BC1F-0287A2890A20}.Release|Any CPU.ActiveCfg = Release|Any CPU
		{0FE66B06-9706-4482-BC1F-0287A2890A20}.Release|Any CPU.Build.0 = Release|Any CPU
	EndGlobalSection
	GlobalSection(SolutionProperties) = preSolution
		HideSolutionNode = FALSE
	EndGlobalSection
EndGlobal
